
Microsoft Visual Studio Solution File, Format Version 12.00
# Visual Studio Version 17
VisualStudioVersion = 17.4.33213.308
MinimumVisualStudioVersion = 10.0.40219.1
Project("{FAE04EC0-301F-11D3-BF4B-00C04F79EFBC}") = "S3.5", "S3.5\S3.5.csproj", "{9B2D9FA9-B116-4382-A184-A2557D2397C3}"
EndProject
Global
	GlobalSection(SolutionConfigurationPlatforms) = preSolution
		Debug|Any CPU = Debug|Any CPU
		Release|Any CPU = Release|Any CPU
	EndGlobalSection
	GlobalSection(ProjectConfigurationPlatforms) = postSolution
		{9B2D9FA9-B116-4382-A184-A2557D2397C3}.Debug|Any CPU.ActiveCfg = Debug|Any CPU
		{9B2D9FA9-B116-4382-A184-A2557D2397C3}.Debug|Any CPU.Build.0 = Debug|Any CPU
		{9B2D9FA9-B116-4382-A184-A2557D2397C3}.Release|Any CPU.ActiveCfg = Release|Any CPU
		{9B2D9FA9-B116-4382-A184-A2557D2397C3}.Release|Any CPU.Build.0 = Release|Any CPU
	EndGlobalSection
	GlobalSection(SolutionProperties) = preSolution
		HideSolutionNode = FALSE
	EndGlobalSection
	GlobalSection(ExtensibilityGlobals) = postSolution
		SolutionGuid = {7588B943-17A7-45ED-910D-CD9F9A83A1D8}
	EndGlobalSection
EndGlobal
