
Microsoft Visual Studio Solution File, Format Version 12.00
# Visual Studio Version 17
VisualStudioVersion = 17.4.33213.308
MinimumVisualStudioVersion = 10.0.40219.1
Project("{FAE04EC0-301F-11D3-BF4B-00C04F79EFBC}") = "L1.13", "L1.13\L1.13.csproj", "{6321AF0F-57D0-456D-9785-8484A7A53582}"
EndProject
Global
	GlobalSection(SolutionConfigurationPlatforms) = preSolution
		Debug|Any CPU = Debug|Any CPU
		Release|Any CPU = Release|Any CPU
	EndGlobalSection
	GlobalSection(ProjectConfigurationPlatforms) = postSolution
		{6321AF0F-57D0-456D-9785-8484A7A53582}.Debug|Any CPU.ActiveCfg = Debug|Any CPU
		{6321AF0F-57D0-456D-9785-8484A7A53582}.Debug|Any CPU.Build.0 = Debug|Any CPU
		{6321AF0F-57D0-456D-9785-8484A7A53582}.Release|Any CPU.ActiveCfg = Release|Any CPU
		{6321AF0F-57D0-456D-9785-8484A7A53582}.Release|Any CPU.Build.0 = Release|Any CPU
	EndGlobalSection
	GlobalSection(SolutionProperties) = preSolution
		HideSolutionNode = FALSE
	EndGlobalSection
	GlobalSection(ExtensibilityGlobals) = postSolution
		SolutionGuid = {BE1D3115-1F4F-4F2D-B1E0-E72D4FDEDE97}
	EndGlobalSection
EndGlobal
