
Microsoft Visual Studio Solution File, Format Version 12.00
# Visual Studio Version 17
VisualStudioVersion = 17.4.33213.308
MinimumVisualStudioVersion = 10.0.40219.1
Project("{FAE04EC0-301F-11D3-BF4B-00C04F79EFBC}") = "S4.9", "S4.9\S4.9.csproj", "{6B26A066-63ED-4B1F-9BDF-81656429CD22}"
EndProject
Global
	GlobalSection(SolutionConfigurationPlatforms) = preSolution
		Debug|Any CPU = Debug|Any CPU
		Release|Any CPU = Release|Any CPU
	EndGlobalSection
	GlobalSection(ProjectConfigurationPlatforms) = postSolution
		{6B26A066-63ED-4B1F-9BDF-81656429CD22}.Debug|Any CPU.ActiveCfg = Debug|Any CPU
		{6B26A066-63ED-4B1F-9BDF-81656429CD22}.Debug|Any CPU.Build.0 = Debug|Any CPU
		{6B26A066-63ED-4B1F-9BDF-81656429CD22}.Release|Any CPU.ActiveCfg = Release|Any CPU
		{6B26A066-63ED-4B1F-9BDF-81656429CD22}.Release|Any CPU.Build.0 = Release|Any CPU
	EndGlobalSection
	GlobalSection(SolutionProperties) = preSolution
		HideSolutionNode = FALSE
	EndGlobalSection
	GlobalSection(ExtensibilityGlobals) = postSolution
		SolutionGuid = {28E8150F-5AA3-40CA-97EC-4BA74EFE35C7}
	EndGlobalSection
EndGlobal
