
Microsoft Visual Studio Solution File, Format Version 12.00
# Visual Studio Version 17
VisualStudioVersion = 17.4.33213.308
MinimumVisualStudioVersion = 10.0.40219.1
Project("{FAE04EC0-301F-11D3-BF4B-00C04F79EFBC}") = "S3.3", "S3.3\S3.3.csproj", "{8920DC7C-E18E-44A0-8959-EFBC68AEA837}"
EndProject
Global
	GlobalSection(SolutionConfigurationPlatforms) = preSolution
		Debug|Any CPU = Debug|Any CPU
		Release|Any CPU = Release|Any CPU
	EndGlobalSection
	GlobalSection(ProjectConfigurationPlatforms) = postSolution
		{8920DC7C-E18E-44A0-8959-EFBC68AEA837}.Debug|Any CPU.ActiveCfg = Debug|Any CPU
		{8920DC7C-E18E-44A0-8959-EFBC68AEA837}.Debug|Any CPU.Build.0 = Debug|Any CPU
		{8920DC7C-E18E-44A0-8959-EFBC68AEA837}.Release|Any CPU.ActiveCfg = Release|Any CPU
		{8920DC7C-E18E-44A0-8959-EFBC68AEA837}.Release|Any CPU.Build.0 = Release|Any CPU
	EndGlobalSection
	GlobalSection(SolutionProperties) = preSolution
		HideSolutionNode = FALSE
	EndGlobalSection
	GlobalSection(ExtensibilityGlobals) = postSolution
		SolutionGuid = {7F8E3B6D-0A7B-4468-99F9-61FB30938732}
	EndGlobalSection
EndGlobal
