
Microsoft Visual Studio Solution File, Format Version 12.00
# Visual Studio Version 17
VisualStudioVersion = 17.4.33213.308
MinimumVisualStudioVersion = 10.0.40219.1
Project("{FAE04EC0-301F-11D3-BF4B-00C04F79EFBC}") = "L1.18", "L1.18\L1.18.csproj", "{528F4DE7-4450-405F-A483-6DE296B76714}"
EndProject
Global
	GlobalSection(SolutionConfigurationPlatforms) = preSolution
		Debug|Any CPU = Debug|Any CPU
		Release|Any CPU = Release|Any CPU
	EndGlobalSection
	GlobalSection(ProjectConfigurationPlatforms) = postSolution
		{528F4DE7-4450-405F-A483-6DE296B76714}.Debug|Any CPU.ActiveCfg = Debug|Any CPU
		{528F4DE7-4450-405F-A483-6DE296B76714}.Debug|Any CPU.Build.0 = Debug|Any CPU
		{528F4DE7-4450-405F-A483-6DE296B76714}.Release|Any CPU.ActiveCfg = Release|Any CPU
		{528F4DE7-4450-405F-A483-6DE296B76714}.Release|Any CPU.Build.0 = Release|Any CPU
	EndGlobalSection
	GlobalSection(SolutionProperties) = preSolution
		HideSolutionNode = FALSE
	EndGlobalSection
	GlobalSection(ExtensibilityGlobals) = postSolution
		SolutionGuid = {9DDDB2D5-40F0-4B43-9AE7-334F349FB733}
	EndGlobalSection
EndGlobal
