
Microsoft Visual Studio Solution File, Format Version 12.00
# Visual Studio Version 17
VisualStudioVersion = 17.4.33205.214
MinimumVisualStudioVersion = 10.0.40219.1
Project("{FAE04EC0-301F-11D3-BF4B-00C04F79EFBC}") = "S1.11", "S1.11\S1.11.csproj", "{FDE34224-0B84-4B7F-B0F0-8A9503AE0E5B}"
EndProject
Global
	GlobalSection(SolutionConfigurationPlatforms) = preSolution
		Debug|Any CPU = Debug|Any CPU
		Release|Any CPU = Release|Any CPU
	EndGlobalSection
	GlobalSection(ProjectConfigurationPlatforms) = postSolution
		{FDE34224-0B84-4B7F-B0F0-8A9503AE0E5B}.Debug|Any CPU.ActiveCfg = Debug|Any CPU
		{FDE34224-0B84-4B7F-B0F0-8A9503AE0E5B}.Debug|Any CPU.Build.0 = Debug|Any CPU
		{FDE34224-0B84-4B7F-B0F0-8A9503AE0E5B}.Release|Any CPU.ActiveCfg = Release|Any CPU
		{FDE34224-0B84-4B7F-B0F0-8A9503AE0E5B}.Release|Any CPU.Build.0 = Release|Any CPU
	EndGlobalSection
	GlobalSection(SolutionProperties) = preSolution
		HideSolutionNode = FALSE
	EndGlobalSection
	GlobalSection(ExtensibilityGlobals) = postSolution
		SolutionGuid = {1DE98864-398B-4991-8D66-BEC288086C7A}
	EndGlobalSection
EndGlobal
