
Microsoft Visual Studio Solution File, Format Version 12.00
# Visual Studio Version 17
VisualStudioVersion = 17.4.33205.214
MinimumVisualStudioVersion = 10.0.40219.1
Project("{FAE04EC0-301F-11D3-BF4B-00C04F79EFBC}") = "S2.5", "S2.5\S2.5.csproj", "{F8AD02E6-18D4-4CBF-B38F-DDDC5B9242CB}"
EndProject
Global
	GlobalSection(SolutionConfigurationPlatforms) = preSolution
		Debug|Any CPU = Debug|Any CPU
		Release|Any CPU = Release|Any CPU
	EndGlobalSection
	GlobalSection(ProjectConfigurationPlatforms) = postSolution
		{F8AD02E6-18D4-4CBF-B38F-DDDC5B9242CB}.Debug|Any CPU.ActiveCfg = Debug|Any CPU
		{F8AD02E6-18D4-4CBF-B38F-DDDC5B9242CB}.Debug|Any CPU.Build.0 = Debug|Any CPU
		{F8AD02E6-18D4-4CBF-B38F-DDDC5B9242CB}.Release|Any CPU.ActiveCfg = Release|Any CPU
		{F8AD02E6-18D4-4CBF-B38F-DDDC5B9242CB}.Release|Any CPU.Build.0 = Release|Any CPU
	EndGlobalSection
	GlobalSection(SolutionProperties) = preSolution
		HideSolutionNode = FALSE
	EndGlobalSection
	GlobalSection(ExtensibilityGlobals) = postSolution
		SolutionGuid = {C9FE97D3-55B3-49F0-A5CF-D140B2C54315}
	EndGlobalSection
EndGlobal
