
Microsoft Visual Studio Solution File, Format Version 12.00
# Visual Studio Version 17
VisualStudioVersion = 17.4.33213.308
MinimumVisualStudioVersion = 10.0.40219.1
Project("{FAE04EC0-301F-11D3-BF4B-00C04F79EFBC}") = "L1.19", "L1.19\L1.19.csproj", "{FEFCA4ED-A603-4BDD-BDAE-43F0FC2D8616}"
EndProject
Global
	GlobalSection(SolutionConfigurationPlatforms) = preSolution
		Debug|Any CPU = Debug|Any CPU
		Release|Any CPU = Release|Any CPU
	EndGlobalSection
	GlobalSection(ProjectConfigurationPlatforms) = postSolution
		{FEFCA4ED-A603-4BDD-BDAE-43F0FC2D8616}.Debug|Any CPU.ActiveCfg = Debug|Any CPU
		{FEFCA4ED-A603-4BDD-BDAE-43F0FC2D8616}.Debug|Any CPU.Build.0 = Debug|Any CPU
		{FEFCA4ED-A603-4BDD-BDAE-43F0FC2D8616}.Release|Any CPU.ActiveCfg = Release|Any CPU
		{FEFCA4ED-A603-4BDD-BDAE-43F0FC2D8616}.Release|Any CPU.Build.0 = Release|Any CPU
	EndGlobalSection
	GlobalSection(SolutionProperties) = preSolution
		HideSolutionNode = FALSE
	EndGlobalSection
	GlobalSection(ExtensibilityGlobals) = postSolution
		SolutionGuid = {51A8BB78-C16C-4952-B3E0-0E714FC267B2}
	EndGlobalSection
EndGlobal
