
Microsoft Visual Studio Solution File, Format Version 12.00
# Visual Studio Version 17
VisualStudioVersion = 17.4.33213.308
MinimumVisualStudioVersion = 10.0.40219.1
Project("{FAE04EC0-301F-11D3-BF4B-00C04F79EFBC}") = "A2.6", "A2.6\A2.6.csproj", "{6C5FE887-A9D1-4085-927B-7140214AB830}"
EndProject
Global
	GlobalSection(SolutionConfigurationPlatforms) = preSolution
		Debug|Any CPU = Debug|Any CPU
		Release|Any CPU = Release|Any CPU
	EndGlobalSection
	GlobalSection(ProjectConfigurationPlatforms) = postSolution
		{6C5FE887-A9D1-4085-927B-7140214AB830}.Debug|Any CPU.ActiveCfg = Debug|Any CPU
		{6C5FE887-A9D1-4085-927B-7140214AB830}.Debug|Any CPU.Build.0 = Debug|Any CPU
		{6C5FE887-A9D1-4085-927B-7140214AB830}.Release|Any CPU.ActiveCfg = Release|Any CPU
		{6C5FE887-A9D1-4085-927B-7140214AB830}.Release|Any CPU.Build.0 = Release|Any CPU
	EndGlobalSection
	GlobalSection(SolutionProperties) = preSolution
		HideSolutionNode = FALSE
	EndGlobalSection
	GlobalSection(ExtensibilityGlobals) = postSolution
		SolutionGuid = {7A0C7929-559A-4F16-875D-8F70802EC66E}
	EndGlobalSection
EndGlobal
