
Microsoft Visual Studio Solution File, Format Version 12.00
# Visual Studio Version 17
VisualStudioVersion = 17.4.33205.214
MinimumVisualStudioVersion = 10.0.40219.1
Project("{FAE04EC0-301F-11D3-BF4B-00C04F79EFBC}") = "S1.13", "S1.13\S1.13.csproj", "{0542E59D-5860-4B6D-A699-83948F0E5DCA}"
EndProject
Global
	GlobalSection(SolutionConfigurationPlatforms) = preSolution
		Debug|Any CPU = Debug|Any CPU
		Release|Any CPU = Release|Any CPU
	EndGlobalSection
	GlobalSection(ProjectConfigurationPlatforms) = postSolution
		{0542E59D-5860-4B6D-A699-83948F0E5DCA}.Debug|Any CPU.ActiveCfg = Debug|Any CPU
		{0542E59D-5860-4B6D-A699-83948F0E5DCA}.Debug|Any CPU.Build.0 = Debug|Any CPU
		{0542E59D-5860-4B6D-A699-83948F0E5DCA}.Release|Any CPU.ActiveCfg = Release|Any CPU
		{0542E59D-5860-4B6D-A699-83948F0E5DCA}.Release|Any CPU.Build.0 = Release|Any CPU
	EndGlobalSection
	GlobalSection(SolutionProperties) = preSolution
		HideSolutionNode = FALSE
	EndGlobalSection
	GlobalSection(ExtensibilityGlobals) = postSolution
		SolutionGuid = {600C4F72-0234-4DD7-A40E-A1AADF4E28A6}
	EndGlobalSection
EndGlobal
