
Microsoft Visual Studio Solution File, Format Version 12.00
# Visual Studio Version 17
VisualStudioVersion = 17.4.33213.308
MinimumVisualStudioVersion = 10.0.40219.1
Project("{FAE04EC0-301F-11D3-BF4B-00C04F79EFBC}") = "S3.2", "S3.2\S3.2.csproj", "{443D3466-9E16-456C-B9A1-D6DBDBAE5EA9}"
EndProject
Global
	GlobalSection(SolutionConfigurationPlatforms) = preSolution
		Debug|Any CPU = Debug|Any CPU
		Release|Any CPU = Release|Any CPU
	EndGlobalSection
	GlobalSection(ProjectConfigurationPlatforms) = postSolution
		{443D3466-9E16-456C-B9A1-D6DBDBAE5EA9}.Debug|Any CPU.ActiveCfg = Debug|Any CPU
		{443D3466-9E16-456C-B9A1-D6DBDBAE5EA9}.Debug|Any CPU.Build.0 = Debug|Any CPU
		{443D3466-9E16-456C-B9A1-D6DBDBAE5EA9}.Release|Any CPU.ActiveCfg = Release|Any CPU
		{443D3466-9E16-456C-B9A1-D6DBDBAE5EA9}.Release|Any CPU.Build.0 = Release|Any CPU
	EndGlobalSection
	GlobalSection(SolutionProperties) = preSolution
		HideSolutionNode = FALSE
	EndGlobalSection
	GlobalSection(ExtensibilityGlobals) = postSolution
		SolutionGuid = {838BF420-2C7F-4115-961B-5027AD224E2F}
	EndGlobalSection
EndGlobal
