
Microsoft Visual Studio Solution File, Format Version 12.00
# Visual Studio Version 17
VisualStudioVersion = 17.4.33213.308
MinimumVisualStudioVersion = 10.0.40219.1
Project("{FAE04EC0-301F-11D3-BF4B-00C04F79EFBC}") = "A2.11", "A2.11\A2.11.csproj", "{9DDDE242-8DA7-41D4-A06E-86F19F888E8F}"
EndProject
Global
	GlobalSection(SolutionConfigurationPlatforms) = preSolution
		Debug|Any CPU = Debug|Any CPU
		Release|Any CPU = Release|Any CPU
	EndGlobalSection
	GlobalSection(ProjectConfigurationPlatforms) = postSolution
		{9DDDE242-8DA7-41D4-A06E-86F19F888E8F}.Debug|Any CPU.ActiveCfg = Debug|Any CPU
		{9DDDE242-8DA7-41D4-A06E-86F19F888E8F}.Debug|Any CPU.Build.0 = Debug|Any CPU
		{9DDDE242-8DA7-41D4-A06E-86F19F888E8F}.Release|Any CPU.ActiveCfg = Release|Any CPU
		{9DDDE242-8DA7-41D4-A06E-86F19F888E8F}.Release|Any CPU.Build.0 = Release|Any CPU
	EndGlobalSection
	GlobalSection(SolutionProperties) = preSolution
		HideSolutionNode = FALSE
	EndGlobalSection
	GlobalSection(ExtensibilityGlobals) = postSolution
		SolutionGuid = {D5BF4593-559D-4256-8446-B3D224FD62D1}
	EndGlobalSection
EndGlobal
