
Microsoft Visual Studio Solution File, Format Version 12.00
# Visual Studio Version 17
VisualStudioVersion = 17.4.33213.308
MinimumVisualStudioVersion = 10.0.40219.1
Project("{FAE04EC0-301F-11D3-BF4B-00C04F79EFBC}") = "S2.21", "S2.21\S2.21.csproj", "{924749D1-9CE2-43A2-B48A-08B1B6605391}"
EndProject
Global
	GlobalSection(SolutionConfigurationPlatforms) = preSolution
		Debug|Any CPU = Debug|Any CPU
		Release|Any CPU = Release|Any CPU
	EndGlobalSection
	GlobalSection(ProjectConfigurationPlatforms) = postSolution
		{924749D1-9CE2-43A2-B48A-08B1B6605391}.Debug|Any CPU.ActiveCfg = Debug|Any CPU
		{924749D1-9CE2-43A2-B48A-08B1B6605391}.Debug|Any CPU.Build.0 = Debug|Any CPU
		{924749D1-9CE2-43A2-B48A-08B1B6605391}.Release|Any CPU.ActiveCfg = Release|Any CPU
		{924749D1-9CE2-43A2-B48A-08B1B6605391}.Release|Any CPU.Build.0 = Release|Any CPU
	EndGlobalSection
	GlobalSection(SolutionProperties) = preSolution
		HideSolutionNode = FALSE
	EndGlobalSection
	GlobalSection(ExtensibilityGlobals) = postSolution
		SolutionGuid = {D3198B8F-E925-4DF7-9F1E-FB58801484BF}
	EndGlobalSection
EndGlobal
