
Microsoft Visual Studio Solution File, Format Version 12.00
# Visual Studio Version 17
VisualStudioVersion = 17.4.33213.308
MinimumVisualStudioVersion = 10.0.40219.1
Project("{FAE04EC0-301F-11D3-BF4B-00C04F79EFBC}") = "S2.13", "S2.13\S2.13.csproj", "{8DAC4740-FB3B-4BA7-B7EE-81F8389A245B}"
EndProject
Global
	GlobalSection(SolutionConfigurationPlatforms) = preSolution
		Debug|Any CPU = Debug|Any CPU
		Release|Any CPU = Release|Any CPU
	EndGlobalSection
	GlobalSection(ProjectConfigurationPlatforms) = postSolution
		{8DAC4740-FB3B-4BA7-B7EE-81F8389A245B}.Debug|Any CPU.ActiveCfg = Debug|Any CPU
		{8DAC4740-FB3B-4BA7-B7EE-81F8389A245B}.Debug|Any CPU.Build.0 = Debug|Any CPU
		{8DAC4740-FB3B-4BA7-B7EE-81F8389A245B}.Release|Any CPU.ActiveCfg = Release|Any CPU
		{8DAC4740-FB3B-4BA7-B7EE-81F8389A245B}.Release|Any CPU.Build.0 = Release|Any CPU
	EndGlobalSection
	GlobalSection(SolutionProperties) = preSolution
		HideSolutionNode = FALSE
	EndGlobalSection
	GlobalSection(ExtensibilityGlobals) = postSolution
		SolutionGuid = {F7D70669-157A-468E-8234-3CF739999968}
	EndGlobalSection
EndGlobal
