
Microsoft Visual Studio Solution File, Format Version 12.00
# Visual Studio Version 17
VisualStudioVersion = 17.4.33213.308
MinimumVisualStudioVersion = 10.0.40219.1
Project("{FAE04EC0-301F-11D3-BF4B-00C04F79EFBC}") = "L1.17", "L1.17\L1.17.csproj", "{A075B1CC-C58E-4A91-A9C6-EA7E8BC569D9}"
EndProject
Global
	GlobalSection(SolutionConfigurationPlatforms) = preSolution
		Debug|Any CPU = Debug|Any CPU
		Release|Any CPU = Release|Any CPU
	EndGlobalSection
	GlobalSection(ProjectConfigurationPlatforms) = postSolution
		{A075B1CC-C58E-4A91-A9C6-EA7E8BC569D9}.Debug|Any CPU.ActiveCfg = Debug|Any CPU
		{A075B1CC-C58E-4A91-A9C6-EA7E8BC569D9}.Debug|Any CPU.Build.0 = Debug|Any CPU
		{A075B1CC-C58E-4A91-A9C6-EA7E8BC569D9}.Release|Any CPU.ActiveCfg = Release|Any CPU
		{A075B1CC-C58E-4A91-A9C6-EA7E8BC569D9}.Release|Any CPU.Build.0 = Release|Any CPU
	EndGlobalSection
	GlobalSection(SolutionProperties) = preSolution
		HideSolutionNode = FALSE
	EndGlobalSection
	GlobalSection(ExtensibilityGlobals) = postSolution
		SolutionGuid = {A579AA78-D255-4803-8DB4-75F977FA42F6}
	EndGlobalSection
EndGlobal
