
Microsoft Visual Studio Solution File, Format Version 12.00
# Visual Studio Version 17
VisualStudioVersion = 17.4.33213.308
MinimumVisualStudioVersion = 10.0.40219.1
Project("{FAE04EC0-301F-11D3-BF4B-00C04F79EFBC}") = "S2.14", "S2.14\S2.14.csproj", "{AEF64228-26A2-4633-823D-B1CD12765A7C}"
EndProject
Global
	GlobalSection(SolutionConfigurationPlatforms) = preSolution
		Debug|Any CPU = Debug|Any CPU
		Release|Any CPU = Release|Any CPU
	EndGlobalSection
	GlobalSection(ProjectConfigurationPlatforms) = postSolution
		{AEF64228-26A2-4633-823D-B1CD12765A7C}.Debug|Any CPU.ActiveCfg = Debug|Any CPU
		{AEF64228-26A2-4633-823D-B1CD12765A7C}.Debug|Any CPU.Build.0 = Debug|Any CPU
		{AEF64228-26A2-4633-823D-B1CD12765A7C}.Release|Any CPU.ActiveCfg = Release|Any CPU
		{AEF64228-26A2-4633-823D-B1CD12765A7C}.Release|Any CPU.Build.0 = Release|Any CPU
	EndGlobalSection
	GlobalSection(SolutionProperties) = preSolution
		HideSolutionNode = FALSE
	EndGlobalSection
	GlobalSection(ExtensibilityGlobals) = postSolution
		SolutionGuid = {EEB54FBB-A687-4FEE-B345-BA55540C2191}
	EndGlobalSection
EndGlobal
