
Microsoft Visual Studio Solution File, Format Version 12.00
# Visual Studio Version 17
VisualStudioVersion = 17.4.33213.308
MinimumVisualStudioVersion = 10.0.40219.1
Project("{FAE04EC0-301F-11D3-BF4B-00C04F79EFBC}") = "S47", "S47\S47.csproj", "{3DF981AD-BCEB-4B48-B818-6E0FBE7ED0C0}"
EndProject
Global
	GlobalSection(SolutionConfigurationPlatforms) = preSolution
		Debug|Any CPU = Debug|Any CPU
		Release|Any CPU = Release|Any CPU
	EndGlobalSection
	GlobalSection(ProjectConfigurationPlatforms) = postSolution
		{3DF981AD-BCEB-4B48-B818-6E0FBE7ED0C0}.Debug|Any CPU.ActiveCfg = Debug|Any CPU
		{3DF981AD-BCEB-4B48-B818-6E0FBE7ED0C0}.Debug|Any CPU.Build.0 = Debug|Any CPU
		{3DF981AD-BCEB-4B48-B818-6E0FBE7ED0C0}.Release|Any CPU.ActiveCfg = Release|Any CPU
		{3DF981AD-BCEB-4B48-B818-6E0FBE7ED0C0}.Release|Any CPU.Build.0 = Release|Any CPU
	EndGlobalSection
	GlobalSection(SolutionProperties) = preSolution
		HideSolutionNode = FALSE
	EndGlobalSection
	GlobalSection(ExtensibilityGlobals) = postSolution
		SolutionGuid = {FFCF37EA-0E19-4116-971D-A8CE7CCE3DAB}
	EndGlobalSection
EndGlobal
