
Microsoft Visual Studio Solution File, Format Version 12.00
# Visual Studio Version 17
VisualStudioVersion = 17.4.33213.308
MinimumVisualStudioVersion = 10.0.40219.1
Project("{FAE04EC0-301F-11D3-BF4B-00C04F79EFBC}") = "S2.23", "S2.23\S2.23.csproj", "{6887BD6D-81D9-4B42-A251-129562B4A77D}"
EndProject
Global
	GlobalSection(SolutionConfigurationPlatforms) = preSolution
		Debug|Any CPU = Debug|Any CPU
		Release|Any CPU = Release|Any CPU
	EndGlobalSection
	GlobalSection(ProjectConfigurationPlatforms) = postSolution
		{6887BD6D-81D9-4B42-A251-129562B4A77D}.Debug|Any CPU.ActiveCfg = Debug|Any CPU
		{6887BD6D-81D9-4B42-A251-129562B4A77D}.Debug|Any CPU.Build.0 = Debug|Any CPU
		{6887BD6D-81D9-4B42-A251-129562B4A77D}.Release|Any CPU.ActiveCfg = Release|Any CPU
		{6887BD6D-81D9-4B42-A251-129562B4A77D}.Release|Any CPU.Build.0 = Release|Any CPU
	EndGlobalSection
	GlobalSection(SolutionProperties) = preSolution
		HideSolutionNode = FALSE
	EndGlobalSection
	GlobalSection(ExtensibilityGlobals) = postSolution
		SolutionGuid = {C7D88F2A-AD1F-4B04-A419-1B544924F003}
	EndGlobalSection
EndGlobal
