
Microsoft Visual Studio Solution File, Format Version 12.00
# Visual Studio Version 17
VisualStudioVersion = 17.4.33213.308
MinimumVisualStudioVersion = 10.0.40219.1
Project("{FAE04EC0-301F-11D3-BF4B-00C04F79EFBC}") = "A2.3", "A2.3\A2.3.csproj", "{C5DC8621-E5F0-4908-84C6-E3E72214C403}"
EndProject
Global
	GlobalSection(SolutionConfigurationPlatforms) = preSolution
		Debug|Any CPU = Debug|Any CPU
		Release|Any CPU = Release|Any CPU
	EndGlobalSection
	GlobalSection(ProjectConfigurationPlatforms) = postSolution
		{C5DC8621-E5F0-4908-84C6-E3E72214C403}.Debug|Any CPU.ActiveCfg = Debug|Any CPU
		{C5DC8621-E5F0-4908-84C6-E3E72214C403}.Debug|Any CPU.Build.0 = Debug|Any CPU
		{C5DC8621-E5F0-4908-84C6-E3E72214C403}.Release|Any CPU.ActiveCfg = Release|Any CPU
		{C5DC8621-E5F0-4908-84C6-E3E72214C403}.Release|Any CPU.Build.0 = Release|Any CPU
	EndGlobalSection
	GlobalSection(SolutionProperties) = preSolution
		HideSolutionNode = FALSE
	EndGlobalSection
	GlobalSection(ExtensibilityGlobals) = postSolution
		SolutionGuid = {964711B3-A179-4AA8-94D0-26368EC35786}
	EndGlobalSection
EndGlobal
