
Microsoft Visual Studio Solution File, Format Version 12.00
# Visual Studio Version 17
VisualStudioVersion = 17.4.33213.308
MinimumVisualStudioVersion = 10.0.40219.1
Project("{FAE04EC0-301F-11D3-BF4B-00C04F79EFBC}") = "S2.20", "S2.20\S2.20.csproj", "{6213BCD9-EB7F-45A2-A50F-BA831AACF70C}"
EndProject
Global
	GlobalSection(SolutionConfigurationPlatforms) = preSolution
		Debug|Any CPU = Debug|Any CPU
		Release|Any CPU = Release|Any CPU
	EndGlobalSection
	GlobalSection(ProjectConfigurationPlatforms) = postSolution
		{6213BCD9-EB7F-45A2-A50F-BA831AACF70C}.Debug|Any CPU.ActiveCfg = Debug|Any CPU
		{6213BCD9-EB7F-45A2-A50F-BA831AACF70C}.Debug|Any CPU.Build.0 = Debug|Any CPU
		{6213BCD9-EB7F-45A2-A50F-BA831AACF70C}.Release|Any CPU.ActiveCfg = Release|Any CPU
		{6213BCD9-EB7F-45A2-A50F-BA831AACF70C}.Release|Any CPU.Build.0 = Release|Any CPU
	EndGlobalSection
	GlobalSection(SolutionProperties) = preSolution
		HideSolutionNode = FALSE
	EndGlobalSection
	GlobalSection(ExtensibilityGlobals) = postSolution
		SolutionGuid = {82CF1FF5-7369-44E2-BE5F-B335B67C81C8}
	EndGlobalSection
EndGlobal
