
Microsoft Visual Studio Solution File, Format Version 12.00
# Visual Studio Version 17
VisualStudioVersion = 17.4.33213.308
MinimumVisualStudioVersion = 10.0.40219.1
Project("{FAE04EC0-301F-11D3-BF4B-00C04F79EFBC}") = "A1.6", "A1.6\A1.6.csproj", "{EF1A020D-08AC-4C9D-89CD-BF11733BC5A0}"
EndProject
Global
	GlobalSection(SolutionConfigurationPlatforms) = preSolution
		Debug|Any CPU = Debug|Any CPU
		Release|Any CPU = Release|Any CPU
	EndGlobalSection
	GlobalSection(ProjectConfigurationPlatforms) = postSolution
		{EF1A020D-08AC-4C9D-89CD-BF11733BC5A0}.Debug|Any CPU.ActiveCfg = Debug|Any CPU
		{EF1A020D-08AC-4C9D-89CD-BF11733BC5A0}.Debug|Any CPU.Build.0 = Debug|Any CPU
		{EF1A020D-08AC-4C9D-89CD-BF11733BC5A0}.Release|Any CPU.ActiveCfg = Release|Any CPU
		{EF1A020D-08AC-4C9D-89CD-BF11733BC5A0}.Release|Any CPU.Build.0 = Release|Any CPU
	EndGlobalSection
	GlobalSection(SolutionProperties) = preSolution
		HideSolutionNode = FALSE
	EndGlobalSection
	GlobalSection(ExtensibilityGlobals) = postSolution
		SolutionGuid = {3DCC5C29-B31A-4FEB-9E23-58AD45CAC423}
	EndGlobalSection
EndGlobal
