
Microsoft Visual Studio Solution File, Format Version 12.00
# Visual Studio Version 17
VisualStudioVersion = 17.4.33213.308
MinimumVisualStudioVersion = 10.0.40219.1
Project("{FAE04EC0-301F-11D3-BF4B-00C04F79EFBC}") = "A1.8", "A1.8\A1.8.csproj", "{05D41F97-2474-4F66-9FE0-103CB38381C4}"
EndProject
Global
	GlobalSection(SolutionConfigurationPlatforms) = preSolution
		Debug|Any CPU = Debug|Any CPU
		Release|Any CPU = Release|Any CPU
	EndGlobalSection
	GlobalSection(ProjectConfigurationPlatforms) = postSolution
		{05D41F97-2474-4F66-9FE0-103CB38381C4}.Debug|Any CPU.ActiveCfg = Debug|Any CPU
		{05D41F97-2474-4F66-9FE0-103CB38381C4}.Debug|Any CPU.Build.0 = Debug|Any CPU
		{05D41F97-2474-4F66-9FE0-103CB38381C4}.Release|Any CPU.ActiveCfg = Release|Any CPU
		{05D41F97-2474-4F66-9FE0-103CB38381C4}.Release|Any CPU.Build.0 = Release|Any CPU
	EndGlobalSection
	GlobalSection(SolutionProperties) = preSolution
		HideSolutionNode = FALSE
	EndGlobalSection
	GlobalSection(ExtensibilityGlobals) = postSolution
		SolutionGuid = {C51129FB-CABE-47B3-9069-8EA6B2BB1C2B}
	EndGlobalSection
EndGlobal
