
Microsoft Visual Studio Solution File, Format Version 12.00
# Visual Studio Version 17
VisualStudioVersion = 17.4.33213.308
MinimumVisualStudioVersion = 10.0.40219.1
Project("{FAE04EC0-301F-11D3-BF4B-00C04F79EFBC}") = "S2.14A", "S2.14A\S2.14A.csproj", "{AC33F114-5DBC-41D7-B015-4A6A1E9DA8E0}"
EndProject
Global
	GlobalSection(SolutionConfigurationPlatforms) = preSolution
		Debug|Any CPU = Debug|Any CPU
		Release|Any CPU = Release|Any CPU
	EndGlobalSection
	GlobalSection(ProjectConfigurationPlatforms) = postSolution
		{AC33F114-5DBC-41D7-B015-4A6A1E9DA8E0}.Debug|Any CPU.ActiveCfg = Debug|Any CPU
		{AC33F114-5DBC-41D7-B015-4A6A1E9DA8E0}.Debug|Any CPU.Build.0 = Debug|Any CPU
		{AC33F114-5DBC-41D7-B015-4A6A1E9DA8E0}.Release|Any CPU.ActiveCfg = Release|Any CPU
		{AC33F114-5DBC-41D7-B015-4A6A1E9DA8E0}.Release|Any CPU.Build.0 = Release|Any CPU
	EndGlobalSection
	GlobalSection(SolutionProperties) = preSolution
		HideSolutionNode = FALSE
	EndGlobalSection
	GlobalSection(ExtensibilityGlobals) = postSolution
		SolutionGuid = {F3F209EF-4AA6-4F48-B6B5-88F6E9B82064}
	EndGlobalSection
EndGlobal
