
Microsoft Visual Studio Solution File, Format Version 12.00
# Visual Studio Version 17
VisualStudioVersion = 17.4.33213.308
MinimumVisualStudioVersion = 10.0.40219.1
Project("{FAE04EC0-301F-11D3-BF4B-00C04F79EFBC}") = "A2.14", "A2.14\A2.14.csproj", "{A784E6CC-F858-443D-A1D8-B877B7190296}"
EndProject
Global
	GlobalSection(SolutionConfigurationPlatforms) = preSolution
		Debug|Any CPU = Debug|Any CPU
		Release|Any CPU = Release|Any CPU
	EndGlobalSection
	GlobalSection(ProjectConfigurationPlatforms) = postSolution
		{A784E6CC-F858-443D-A1D8-B877B7190296}.Debug|Any CPU.ActiveCfg = Debug|Any CPU
		{A784E6CC-F858-443D-A1D8-B877B7190296}.Debug|Any CPU.Build.0 = Debug|Any CPU
		{A784E6CC-F858-443D-A1D8-B877B7190296}.Release|Any CPU.ActiveCfg = Release|Any CPU
		{A784E6CC-F858-443D-A1D8-B877B7190296}.Release|Any CPU.Build.0 = Release|Any CPU
	EndGlobalSection
	GlobalSection(SolutionProperties) = preSolution
		HideSolutionNode = FALSE
	EndGlobalSection
	GlobalSection(ExtensibilityGlobals) = postSolution
		SolutionGuid = {641C65A1-E72A-4725-9B7F-8DF78BC9AC56}
	EndGlobalSection
EndGlobal
